
Microsoft Visual Studio Solution File, Format Version 12.00
# Visual Studio Version 16
VisualStudioVersion = 16.0.30503.244
MinimumVisualStudioVersion = 10.0.40219.1
Project("{FAE04EC0-301F-11D3-BF4B-00C04F79EFBC}") = "Assignment2EnergyDrinkCalculator", "LAB 1  - Cell Phone Data Cost Calc\Assignment2EnergyDrinkCalculator.csproj", "{AD588287-B091-48BC-8B8C-5DD192D350CF}"
EndProject
Global
	GlobalSection(SolutionConfigurationPlatforms) = preSolution
		Debug|Any CPU = Debug|Any CPU
		Release|Any CPU = Release|Any CPU
	EndGlobalSection
	GlobalSection(ProjectConfigurationPlatforms) = postSolution
		{AD588287-B091-48BC-8B8C-5DD192D350CF}.Debug|Any CPU.ActiveCfg = Debug|Any CPU
		{AD588287-B091-48BC-8B8C-5DD192D350CF}.Debug|Any CPU.Build.0 = Debug|Any CPU
		{AD588287-B091-48BC-8B8C-5DD192D350CF}.Release|Any CPU.ActiveCfg = Release|Any CPU
		{AD588287-B091-48BC-8B8C-5DD192D350CF}.Release|Any CPU.Build.0 = Release|Any CPU
	EndGlobalSection
	GlobalSection(SolutionProperties) = preSolution
		HideSolutionNode = FALSE
	EndGlobalSection
	GlobalSection(ExtensibilityGlobals) = postSolution
		SolutionGuid = {5897AA2E-1434-4C28-8F91-3C1BD452933E}
	EndGlobalSection
	GlobalSection(SubversionScc) = preSolution
		Svn-Managed = True
		Manager = AnkhSVN2019 - Subversion Support for Visual Studio
	EndGlobalSection
EndGlobal
