
Microsoft Visual Studio Solution File, Format Version 12.00
# Visual Studio Version 16
VisualStudioVersion = 16.0.30503.244
MinimumVisualStudioVersion = 10.0.40219.1
Project("{FAE04EC0-301F-11D3-BF4B-00C04F79EFBC}") = "Exercise 3 Sot Distance", "Exercise 3 Sot Distance\Exercise 3 Sot Distance.csproj", "{03A3DC84-860A-4D1F-8B4F-9839F4B828DF}"
EndProject
Global
	GlobalSection(SolutionConfigurationPlatforms) = preSolution
		Debug|Any CPU = Debug|Any CPU
		Release|Any CPU = Release|Any CPU
	EndGlobalSection
	GlobalSection(ProjectConfigurationPlatforms) = postSolution
		{03A3DC84-860A-4D1F-8B4F-9839F4B828DF}.Debug|Any CPU.ActiveCfg = Debug|Any CPU
		{03A3DC84-860A-4D1F-8B4F-9839F4B828DF}.Debug|Any CPU.Build.0 = Debug|Any CPU
		{03A3DC84-860A-4D1F-8B4F-9839F4B828DF}.Release|Any CPU.ActiveCfg = Release|Any CPU
		{03A3DC84-860A-4D1F-8B4F-9839F4B828DF}.Release|Any CPU.Build.0 = Release|Any CPU
	EndGlobalSection
	GlobalSection(SolutionProperties) = preSolution
		HideSolutionNode = FALSE
	EndGlobalSection
	GlobalSection(ExtensibilityGlobals) = postSolution
		SolutionGuid = {653151CE-A342-48F9-86D7-13D7B3951DE4}
	EndGlobalSection
EndGlobal
