
Microsoft Visual Studio Solution File, Format Version 12.00
# Visual Studio Version 16
VisualStudioVersion = 16.0.30503.244
MinimumVisualStudioVersion = 10.0.40219.1
Project("{FAE04EC0-301F-11D3-BF4B-00C04F79EFBC}") = "Homework 1 Pop Calculator", "Homework 1 Pop Calculator\Homework 1 Pop Calculator.csproj", "{43111E2D-74D7-430F-90E0-648232821BB1}"
EndProject
Global
	GlobalSection(SolutionConfigurationPlatforms) = preSolution
		Debug|Any CPU = Debug|Any CPU
		Release|Any CPU = Release|Any CPU
	EndGlobalSection
	GlobalSection(ProjectConfigurationPlatforms) = postSolution
		{43111E2D-74D7-430F-90E0-648232821BB1}.Debug|Any CPU.ActiveCfg = Debug|Any CPU
		{43111E2D-74D7-430F-90E0-648232821BB1}.Debug|Any CPU.Build.0 = Debug|Any CPU
		{43111E2D-74D7-430F-90E0-648232821BB1}.Release|Any CPU.ActiveCfg = Release|Any CPU
		{43111E2D-74D7-430F-90E0-648232821BB1}.Release|Any CPU.Build.0 = Release|Any CPU
	EndGlobalSection
	GlobalSection(SolutionProperties) = preSolution
		HideSolutionNode = FALSE
	EndGlobalSection
	GlobalSection(ExtensibilityGlobals) = postSolution
		SolutionGuid = {BD4D0594-EB92-48E1-A821-EEB83D2A800A}
	EndGlobalSection
EndGlobal
